// !$*UTF8*$!
{
	archiveVersion = 1;
	classes = {
	};
	objectVersion = 46;
	objects = {

/* Begin PBXBuildFile section */
		26EE173E1CEF399000F289FA /* main.m in Sources */ = {isa = PBXBuildFile; fileRef = 26EE173D1CEF399000F289FA /* main.m */; };
		26EE17411CEF399000F289FA /* AppDelegate.m in Sources */ = {isa = PBXBuildFile; fileRef = 26EE17401CEF399000F289FA /* AppDelegate.m */; };
		26EE17441CEF399000F289FA /* ViewController.m in Sources */ = {isa = PBXBuildFile; fileRef = 26EE17431CEF399000F289FA /* ViewController.m */; };
		26EE17471CEF399000F289FA /* Main.storyboard in Resources */ = {isa = PBXBuildFile; fileRef = 26EE17451CEF399000F289FA /* Main.storyboard */; };
		26EE17491CEF399000F289FA /* Assets.xcassets in Resources */ = {isa = PBXBuildFile; fileRef = 26EE17481CEF399000F289FA /* Assets.xcassets */; };
		26EE174C1CEF399000F289FA /* LaunchScreen.storyboard in Resources */ = {isa = PBXBuildFile; fileRef = 26EE174A1CEF399000F289FA /* LaunchScreen.storyboard */; };
/* End PBXBuildFile section */

/* Begin PBXFileReference section */
		26EE17391CEF399000F289FA /* Test.app */ = {isa = PBXFileReference; explicitFileType = wrapper.application; includeInIndex = 0; path = Test.app; sourceTree = BUILT_PRODUCTS_DIR; };
		26EE173D1CEF399000F289FA /* main.m */ = {isa = PBXFileReference; lastKnownFileType = sourcecode.c.objc; path = main.m; sourceTree = "<group>"; };
		26EE173F1CEF399000F289FA /* AppDelegate.h */ = {isa = PBXFileReference; lastKnownFileType = sourcecode.c.h; path = AppDelegate.h; sourceTree = "<group>"; };
		26EE17401CEF399000F289FA /* AppDelegate.m */ = {isa = PBXFileReference; lastKnownFileType = sourcecode.c.objc; path = AppDelegate.m; sourceTree = "<group>"; };
		26EE17421CEF399000F289FA /* ViewController.h */ = {isa = PBXFileReference; lastKnownFileType = sourcecode.c.h; path = ViewController.h; sourceTree = "<group>"; };
		26EE17431CEF399000F289FA /* ViewController.m */ = {isa = PBXFileReference; lastKnownFileType = sourcecode.c.objc; path = ViewController.m; sourceTree = "<group>"; };
		26EE17461CEF399000F289FA /* Base */ = {isa = PBXFileReference; lastKnownFileType = file.storyboard; name = Base; path = Base.lproj/Main.storyboard; sourceTree = "<group>"; };
		26EE17481CEF399000F289FA /* Assets.xcassets */ = {isa = PBXFileReference; lastKnownFileType = folder.assetcatalog; path = Assets.xcassets; sourceTree = "<group>"; };
		26EE174B1CEF399000F289FA /* Base */ = {isa = PBXFileReference; lastKnownFileType = file.storyboard; name = Base; path = Base.lproj/LaunchScreen.storyboard; sourceTree = "<group>"; };
		26EE174D1CEF399000F289FA /* Info.plist */ = {isa = PBXFileReference; lastKnownFileType = text.plist.xml; path = Info.plist; sourceTree = "<group>"; };
/* End PBXFileReference section */

/* Begin PBXFrameworksBuildPhase section */
		26EE17361CEF399000F289FA /* Frameworks */ = {
			isa = PBXFrameworksBuildPhase;
			buildActionMask = 2147483647;
			files = (
			);
			runOnlyForDeploymentPostprocessing = 0;
		};
/* End PBXFrameworksBuildPhase section */

/* Begin PBXGroup section */
		26EE17301CEF399000F289FA = {
			isa = PBXGroup;
			children = (
				26EE173B1CEF399000F289FA /* Test */,
				26EE173A1CEF399000F289FA /* Products */,
			);
			sourceTree = "<group>";
		};
		26EE173A1CEF399000F289FA /* Products */ = {
			isa = PBXGroup;
			children = (
				26EE17391CEF399000F289FA /* Test.app */,
			);
			name = Products;
			sourceTree = "<group>";
		};
		26EE173B1CEF399000F289FA /* Test */ = {
			isa = PBXGroup;
			children = (
				26EE173F1CEF399000F289FA /* AppDelegate.h */,
				26EE17401CEF399000F289FA /* AppDelegate.m */,
				26EE17421CEF399000F289FA /* ViewController.h */,
				26EE17431CEF399000F289FA /* ViewController.m */,
				26EE17451CEF399000F289FA /* Main.storyboard */,
				26EE17481CEF399000F289FA /* Assets.xcassets */,
				26EE174A1CEF399000F289FA /* LaunchScreen.storyboard */,
				26EE174D1CEF399000F289FA /* Info.plist */,
				26EE173C1CEF399000F289FA /* Supporting Files */,
			);
			path = Test;
			sourceTree = "<group>";
		};
		26EE173C1CEF399000F289FA /* Supporting Files */ = {
			isa = PBXGroup;
			children = (
				26EE173D1CEF399000F289FA /* main.m */,
			);
			name = "Supporting Files";
			sourceTree = "<group>";
		};
/* End PBXGroup section */

/* Begin PBXNativeTarget section */
		26EE17381CEF399000F289FA /* Test */ = {
			isa = PBXNativeTarget;
			buildConfigurationList = 26EE17501CEF399000F289FA /* Build configuration list for PBXNativeTarget "Test" */;
			buildPhases = (
				26EE17351CEF399000F289FA /* Sources */,
				26EE17361CEF399000F289FA /* Frameworks */,
				26EE17371CEF399000F289FA /* Resources */,
			);
			buildRules = (
			);
			dependencies = (
			);
			name = Test;
			productName = Test;
			productReference = 26EE17391CEF399000F289FA /* Test.app */;
			productType = "com.apple.product-type.application";
		};
/* End PBXNativeTarget section */

/* Begin PBXProject section */
		26EE17311CEF399000F289FA /* Project object */ = {
			isa = PBXProject;
			attributes = {
				LastUpgradeCheck = 0730;
				ORGANIZATIONNAME = MyTrax;
				TargetAttributes = {
					26EE17381CEF399000F289FA = {
						CreatedOnToolsVersion = 7.3;
					};
				};
			};
			buildConfigurationList = 26EE17341CEF399000F289FA /* Build configuration list for PBXProject "Test" */;
			compatibilityVersion = "Xcode 3.2";
			developmentRegion = English;
			hasScannedForEncodings = 0;
			knownRegions = (
				en,
				Base,
			);
			mainGroup = 26EE17301CEF399000F289FA;
			productRefGroup = 26EE173A1CEF399000F289FA /* Products */;
			projectDirPath = "";
			projectRoot = "";
			targets = (
				26EE17381CEF399000F289FA /* Test */,
			);
		};
/* End PBXProject section */

/* Begin PBXResourcesBuildPhase section */
		26EE17371CEF399000F289FA /* Resources */ = {
			isa = PBXResourcesBuildPhase;
			buildActionMask = 2147483647;
			files = (
				26EE174C1CEF399000F289FA /* LaunchScreen.storyboard in Resources */,
				26EE17491CEF399000F289FA /* Assets.xcassets in Resources */,
				26EE17471CEF399000F289FA /* Main.storyboard in Resources */,
			);
			runOnlyForDeploymentPostprocessing = 0;
		};
/* End PBXResourcesBuildPhase section */

/* Begin PBXSourcesBuildPhase section */
		26EE17351CEF399000F289FA /* Sources */ = {
			isa = PBXSourcesBuildPhase;
			buildActionMask = 2147483647;
			files = (
				26EE17441CEF399000F289FA /* ViewController.m in Sources */,
				26EE17411CEF399000F289FA /* AppDelegate.m in Sources */,
				26EE173E1CEF399000F289FA /* main.m in Sources */,
			);
			runOnlyForDeploymentPostprocessing = 0;
		};
/* End PBXSourcesBuildPhase section */

/* Begin PBXVariantGroup section */
		26EE17451CEF399000F289FA /* Main.storyboard */ = {
			isa = PBXVariantGroup;
			children = (
				26EE17461CEF399000F289FA /* Base */,
			);
			name = Main.storyboard;
			sourceTree = "<group>";
		};
		26EE174A1CEF399000F289FA /* LaunchScreen.storyboard */ = {
			isa = PBXVariantGroup;
			children = (
				26EE174B1CEF399000F289FA /* Base */,
			);
			name = LaunchScreen.storyboard;
			sourceTree = "<group>";
		};
/* End PBXVariantGroup section */

/* Begin XCBuildConfiguration section */
		26EE174E1CEF399000F289FA /* Debug */ = {
			isa = XCBuildConfiguration;
			buildSettings = {
				ALWAYS_SEARCH_USER_PATHS = NO;
				CLANG_ANALYZER_NONNULL = YES;
				CLANG_CXX_LANGUAGE_STANDARD = "gnu++0x";
				CLANG_CXX_LIBRARY = "libc++";
				CLANG_ENABLE_MODULES = YES;
				CLANG_ENABLE_OBJC_ARC = YES;
				CLANG_WARN_BOOL_CONVERSION = YES;
				CLANG_WARN_CONSTANT_CONVERSION = YES;
				CLANG_WARN_DIRECT_OBJC_ISA_USAGE = YES_ERROR;
				CLANG_WARN_EMPTY_BODY = YES;
				CLANG_WARN_ENUM_CONVERSION = YES;
				CLANG_WARN_INT_CONVERSION = YES;
				CLANG_WARN_OBJC_ROOT_CLASS = YES_ERROR;
				CLANG_WARN_UNREACHABLE_CODE = YES;
				CLANG_WARN__DUPLICATE_METHOD_MATCH = YES;
				"CODE_SIGN_IDENTITY[sdk=iphoneos*]" = "iPhone Developer";
				COPY_PHASE_STRIP = NO;
				DEBUG_INFORMATION_FORMAT = dwarf;
				ENABLE_STRICT_OBJC_MSGSEND = YES;
				ENABLE_TESTABILITY = YES;
				GCC_C_LANGUAGE_STANDARD = gnu99;
				GCC_DYNAMIC_NO_PIC = NO;
				GCC_NO_COMMON_BLOCKS = YES;
				GCC_OPTIMIZATION_LEVEL = 0;
				GCC_PREPROCESSOR_DEFINITIONS = (
					"DEBUG=1",
					"$(inherited)",
				);
				GCC_WARN_64_TO_32_BIT_CONVERSION = YES;
				GCC_WARN_ABOUT_RETURN_TYPE = YES_ERROR;
				GCC_WARN_UNDECLARED_SELECTOR = YES;
				GCC_WARN_UNINITIALIZED_AUTOS = YES_AGGRESSIVE;
				GCC_WARN_UNUSED_FUNCTION = YES;
				GCC_WARN_UNUSED_VARIABLE = YES;
				IPHONEOS_DEPLOYMENT_TARGET = 9.3;
				MTL_ENABLE_DEBUG_INFO = YES;
				ONLY_ACTIVE_ARCH = YES;
				SDKROOT = iphoneos;
				TARGETED_DEVICE_FAMILY = "1,2";
			};
			name = Debug;
		};
		26EE174F1CEF399000F289FA /* Release */ = {
			isa = XCBuildConfiguration;
			buildSettings = {
				ALWAYS_SEARCH_USER_PATHS = NO;
				CLANG_ANALYZER_NONNULL = YES;
				CLANG_CXX_LANGUAGE_STANDARD = "gnu++0x";
				CLANG_CXX_LIBRARY = "libc++";
				CLANG_ENABLE_MODULES = YES;
				CLANG_ENABLE_OBJC_ARC = YES;
				CLANG_WARN_BOOL_CONVERSION = YES;
				CLANG_WARN_CONSTANT_CONVERSION = YES;
				CLANG_WARN_DIRECT_OBJC_ISA_USAGE = YES_ERROR;
				CLANG_WARN_EMPTY_BODY = YES;
				CLANG_WARN_ENUM_CONVERSION = YES;
				CLANG_WARN_INT_CONVERSION = YES;
				CLANG_WARN_OBJC_ROOT_CLASS = YES_ERROR;
				CLANG_WARN_UNREACHABLE_CODE = YES;
				CLANG_WARN__DUPLICATE_METHOD_MATCH = YES;
				"CODE_SIGN_IDENTITY[sdk=iphoneos*]" = "iPhone Developer";
				COPY_PHASE_STRIP = NO;
				DEBUG_INFORMATION_FORMAT = "dwarf-with-dsym";
				ENABLE_NS_ASSERTIONS = NO;
				ENABLE_STRICT_OBJC_MSGSEND = YES;
				GCC_C_LANGUAGE_STANDARD = gnu99;
				GCC_NO_COMMON_BLOCKS = YES;
				GCC_WARN_64_TO_32_BIT_CONVERSION = YES;
				GCC_WARN_ABOUT_RETURN_TYPE = YES_ERROR;
				GCC_WARN_UNDECLARED_SELECTOR = YES;
				GCC_WARN_UNINITIALIZED_AUTOS = YES_AGGRESSIVE;
				GCC_WARN_UNUSED_FUNCTION = YES;
				GCC_WARN_UNUSED_VARIABLE = YES;
				IPHONEOS_DEPLOYMENT_TARGET = 9.3;
				MTL_ENABLE_DEBUG_INFO = NO;
				SDKROOT = iphoneos;
				TARGETED_DEVICE_FAMILY = "1,2";
				VALIDATE_PRODUCT = YES;
			};
			name = Release;
		};
		26EE17511CEF399000F289FA /* Debug */ = {
			isa = XCBuildConfiguration;
			buildSettings = {
				ASSETCATALOG_COMPILER_APPICON_NAME = AppIcon;
				INFOPLIST_FILE = Test/Info.plist;
				LD_RUNPATH_SEARCH_PATHS = "$(inherited) @executable_path/Frameworks";
				PRODUCT_BUNDLE_IDENTIFIER = testtest.Test;
				PRODUCT_NAME = "$(TARGET_NAME)";
			};
			name = Debug;
		};
		26EE17521CEF399000F289FA /* Release */ = {
			isa = XCBuildConfiguration;
			buildSettings = {
				ASSETCATALOG_COMPILER_APPICON_NAME = AppIcon;
				INFOPLIST_FILE = Test/Info.plist;
				LD_RUNPATH_SEARCH_PATHS = "$(inherited) @executable_path/Frameworks";
				PRODUCT_BUNDLE_IDENTIFIER = testtest.Test;
				PRODUCT_NAME = "$(TARGET_NAME)";
			};
			name = Release;
		};
/* End XCBuildConfiguration section */

/* Begin XCConfigurationList section */
		26EE17341CEF399000F289FA /* Build configuration list for PBXProject "Test" */ = {
			isa = XCConfigurationList;
			buildConfigurations = (
				26EE174E1CEF399000F289FA /* Debug */,
				26EE174F1CEF399000F289FA /* Release */,
			);
			defaultConfigurationIsVisible = 0;
			defaultConfigurationName = Release;
		};
		26EE17501CEF399000F289FA /* Build configuration list for PBXNativeTarget "Test" */ = {
			isa = XCConfigurationList;
			buildConfigurations = (
				26EE17511CEF399000F289FA /* Debug */,
				26EE17521CEF399000F289FA /* Release */,
			);
			defaultConfigurationIsVisible = 0;
		};
/* End XCConfigurationList section */
	};
	rootObject = 26EE17311CEF399000F289FA /* Project object */;
}
